
Microsoft Visual Studio Solution File, Format Version 12.00
# Visual Studio Version 16
VisualStudioVersion = 16.0.30320.27
MinimumVisualStudioVersion = 10.0.40219.1
Project("{A07B5EB6-E848-4116-A8D0-A826331D98C6}") = "TeamFlute", "TeamFlute\TeamFlute.sfproj", "{04C7A09E-D682-4C45-872C-3A11B6C3BF9C}"
EndProject
Project("{FAE04EC0-301F-11D3-BF4B-00C04F79EFBC}") = "TeamFlute.API", "TeamFlute.API\TeamFlute.API.csproj", "{56F47B7A-78D4-479F-BC84-16EDD4878B74}"
EndProject
Project("{FAE04EC0-301F-11D3-BF4B-00C04F79EFBC}") = "TeamFlute.DataService", "TeamFlute.DataService\TeamFlute.DataService.csproj", "{E5081DDE-5E1D-46B6-9C5B-FA4C18274AAE}"
EndProject
Project("{FAE04EC0-301F-11D3-BF4B-00C04F79EFBC}") = "TeamFlute.DataService.Model", "TeamFlute.DataService.Model\TeamFlute.DataService.Model.csproj", "{A3C2B814-B713-42F6-BB39-97915B893707}"
EndProject
Global
	GlobalSection(SolutionConfigurationPlatforms) = preSolution
		Debug|Any CPU = Debug|Any CPU
		Debug|x64 = Debug|x64
		Release|Any CPU = Release|Any CPU
		Release|x64 = Release|x64
	EndGlobalSection
	GlobalSection(ProjectConfigurationPlatforms) = postSolution
		{04C7A09E-D682-4C45-872C-3A11B6C3BF9C}.Debug|Any CPU.ActiveCfg = Debug|x64
		{04C7A09E-D682-4C45-872C-3A11B6C3BF9C}.Debug|x64.ActiveCfg = Debug|x64
		{04C7A09E-D682-4C45-872C-3A11B6C3BF9C}.Debug|x64.Build.0 = Debug|x64
		{04C7A09E-D682-4C45-872C-3A11B6C3BF9C}.Debug|x64.Deploy.0 = Debug|x64
		{04C7A09E-D682-4C45-872C-3A11B6C3BF9C}.Release|Any CPU.ActiveCfg = Release|x64
		{04C7A09E-D682-4C45-872C-3A11B6C3BF9C}.Release|x64.ActiveCfg = Release|x64
		{04C7A09E-D682-4C45-872C-3A11B6C3BF9C}.Release|x64.Build.0 = Release|x64
		{04C7A09E-D682-4C45-872C-3A11B6C3BF9C}.Release|x64.Deploy.0 = Release|x64
		{56F47B7A-78D4-479F-BC84-16EDD4878B74}.Debug|Any CPU.ActiveCfg = Debug|Any CPU
		{56F47B7A-78D4-479F-BC84-16EDD4878B74}.Debug|Any CPU.Build.0 = Debug|Any CPU
		{56F47B7A-78D4-479F-BC84-16EDD4878B74}.Debug|x64.ActiveCfg = Debug|Any CPU
		{56F47B7A-78D4-479F-BC84-16EDD4878B74}.Debug|x64.Build.0 = Debug|Any CPU
		{56F47B7A-78D4-479F-BC84-16EDD4878B74}.Release|Any CPU.ActiveCfg = Release|Any CPU
		{56F47B7A-78D4-479F-BC84-16EDD4878B74}.Release|Any CPU.Build.0 = Release|Any CPU
		{56F47B7A-78D4-479F-BC84-16EDD4878B74}.Release|x64.ActiveCfg = Release|Any CPU
		{56F47B7A-78D4-479F-BC84-16EDD4878B74}.Release|x64.Build.0 = Release|Any CPU
		{E5081DDE-5E1D-46B6-9C5B-FA4C18274AAE}.Debug|Any CPU.ActiveCfg = Debug|Any CPU
		{E5081DDE-5E1D-46B6-9C5B-FA4C18274AAE}.Debug|Any CPU.Build.0 = Debug|Any CPU
		{E5081DDE-5E1D-46B6-9C5B-FA4C18274AAE}.Debug|x64.ActiveCfg = Debug|Any CPU
		{E5081DDE-5E1D-46B6-9C5B-FA4C18274AAE}.Debug|x64.Build.0 = Debug|Any CPU
		{E5081DDE-5E1D-46B6-9C5B-FA4C18274AAE}.Release|Any CPU.ActiveCfg = Release|Any CPU
		{E5081DDE-5E1D-46B6-9C5B-FA4C18274AAE}.Release|Any CPU.Build.0 = Release|Any CPU
		{E5081DDE-5E1D-46B6-9C5B-FA4C18274AAE}.Release|x64.ActiveCfg = Release|Any CPU
		{E5081DDE-5E1D-46B6-9C5B-FA4C18274AAE}.Release|x64.Build.0 = Release|Any CPU
		{A3C2B814-B713-42F6-BB39-97915B893707}.Debug|Any CPU.ActiveCfg = Debug|Any CPU
		{A3C2B814-B713-42F6-BB39-97915B893707}.Debug|Any CPU.Build.0 = Debug|Any CPU
		{A3C2B814-B713-42F6-BB39-97915B893707}.Debug|x64.ActiveCfg = Debug|Any CPU
		{A3C2B814-B713-42F6-BB39-97915B893707}.Debug|x64.Build.0 = Debug|Any CPU
		{A3C2B814-B713-42F6-BB39-97915B893707}.Release|Any CPU.ActiveCfg = Release|Any CPU
		{A3C2B814-B713-42F6-BB39-97915B893707}.Release|Any CPU.Build.0 = Release|Any CPU
		{A3C2B814-B713-42F6-BB39-97915B893707}.Release|x64.ActiveCfg = Release|Any CPU
		{A3C2B814-B713-42F6-BB39-97915B893707}.Release|x64.Build.0 = Release|Any CPU
	EndGlobalSection
	GlobalSection(SolutionProperties) = preSolution
		HideSolutionNode = FALSE
	EndGlobalSection
	GlobalSection(ExtensibilityGlobals) = postSolution
		SolutionGuid = {62A79725-09DB-448C-A6F6-11DFA76D61A4}
	EndGlobalSection
EndGlobal
